
Microsoft Visual Studio Solution File, Format Version 12.00
# Visual Studio 15
VisualStudioVersion = 15.0.27004.2006
MinimumVisualStudioVersion = 10.0.40219.1
Project("{FAE04EC0-301F-11D3-BF4B-00C04F79EFBC}") = "FFXIV PopTart", "FFXIV PopTart\FFXIV PopTart.csproj", "{308490F3-27D8-49DB-BA4D-36B01EB0BBCF}"
EndProject
Global
	GlobalSection(SolutionConfigurationPlatforms) = preSolution
		Debug|Any CPU = Debug|Any CPU
		Debug|x64 = Debug|x64
		Release|Any CPU = Release|Any CPU
		Release|x64 = Release|x64
	EndGlobalSection
	GlobalSection(ProjectConfigurationPlatforms) = postSolution
		{308490F3-27D8-49DB-BA4D-36B01EB0BBCF}.Debug|Any CPU.ActiveCfg = Debug|x64
		{308490F3-27D8-49DB-BA4D-36B01EB0BBCF}.Debug|Any CPU.Build.0 = Debug|x64
		{308490F3-27D8-49DB-BA4D-36B01EB0BBCF}.Debug|x64.ActiveCfg = Debug|x64
		{308490F3-27D8-49DB-BA4D-36B01EB0BBCF}.Debug|x64.Build.0 = Debug|x64
		{308490F3-27D8-49DB-BA4D-36B01EB0BBCF}.Release|Any CPU.ActiveCfg = Release|Any CPU
		{308490F3-27D8-49DB-BA4D-36B01EB0BBCF}.Release|Any CPU.Build.0 = Release|Any CPU
		{308490F3-27D8-49DB-BA4D-36B01EB0BBCF}.Release|x64.ActiveCfg = Release|Any CPU
		{308490F3-27D8-49DB-BA4D-36B01EB0BBCF}.Release|x64.Build.0 = Release|Any CPU
	EndGlobalSection
	GlobalSection(SolutionProperties) = preSolution
		HideSolutionNode = FALSE
	EndGlobalSection
	GlobalSection(ExtensibilityGlobals) = postSolution
		SolutionGuid = {4E2BA6BD-070E-4F2B-B4BC-23E79BF3FD93}
	EndGlobalSection
EndGlobal
